
Microsoft Visual Studio Solution File, Format Version 12.00
# Visual Studio Version 17
VisualStudioVersion = 17.5.33530.505
MinimumVisualStudioVersion = 10.0.40219.1
Project("{FAE04EC0-301F-11D3-BF4B-00C04F79EFBC}") = "lms-system", "lms-system\lms-system.csproj", "{1198C7A7-4718-4911-8B2C-B8DB1C588FE0}"
EndProject
Global
	GlobalSection(SolutionConfigurationPlatforms) = preSolution
		Debug|Any CPU = Debug|Any CPU
		Release|Any CPU = Release|Any CPU
	EndGlobalSection
	GlobalSection(ProjectConfigurationPlatforms) = postSolution
		{1198C7A7-4718-4911-8B2C-B8DB1C588FE0}.Debug|Any CPU.ActiveCfg = Debug|Any CPU
		{1198C7A7-4718-4911-8B2C-B8DB1C588FE0}.Debug|Any CPU.Build.0 = Debug|Any CPU
		{1198C7A7-4718-4911-8B2C-B8DB1C588FE0}.Release|Any CPU.ActiveCfg = Release|Any CPU
		{1198C7A7-4718-4911-8B2C-B8DB1C588FE0}.Release|Any CPU.Build.0 = Release|Any CPU
	EndGlobalSection
	GlobalSection(SolutionProperties) = preSolution
		HideSolutionNode = FALSE
	EndGlobalSection
	GlobalSection(ExtensibilityGlobals) = postSolution
		SolutionGuid = {5A1B3D2E-A11B-4BB2-8A91-256DF865709A}
	EndGlobalSection
EndGlobal
